
Microsoft Visual Studio Solution File, Format Version 12.00
# Visual Studio 14
VisualStudioVersion = 14.0.24720.0
MinimumVisualStudioVersion = 10.0.40219.1
Project("{FAE04EC0-301F-11D3-BF4B-00C04F79EFBC}") = "SuperMarket.Web", "SuperMarket.Web\SuperMarket.Web.csproj", "{5AB0CD95-2E08-4AE0-8409-DA2151C98204}"
EndProject
Project("{FAE04EC0-301F-11D3-BF4B-00C04F79EFBC}") = "SuperMarket.Web.Controllers", "SuperMarket.Web.Controllers\SuperMarket.Web.Controllers.csproj", "{9D46BE54-4922-47B2-8BBC-60AB1A5A9EE5}"
EndProject
Project("{FAE04EC0-301F-11D3-BF4B-00C04F79EFBC}") = "SuperMarket.Core", "SuperMarket.Core\SuperMarket.Core.csproj", "{141147C2-4822-4F66-84C8-A277AB1D7D51}"
EndProject
Project("{FAE04EC0-301F-11D3-BF4B-00C04F79EFBC}") = "SuperMarket.Data", "SuperMarket.Data\SuperMarket.Data.csproj", "{AB35A9E6-EC44-44CD-8004-3B7C878EEFD7}"
EndProject
Project("{FAE04EC0-301F-11D3-BF4B-00C04F79EFBC}") = "SuperMarket.BLL", "SuperMarket.BLL\SuperMarket.BLL.csproj", "{81DBD8D6-519A-4850-A5E4-BC94102572F1}"
EndProject
Project("{FAE04EC0-301F-11D3-BF4B-00C04F79EFBC}") = "SuperMarket.Model", "SuperMarket.Model\SuperMarket.Model.csproj", "{506C0AC1-0D1D-47A8-B4E3-6CD3745A7433}"
EndProject
Project("{FAE04EC0-301F-11D3-BF4B-00C04F79EFBC}") = "SuperMarket.SysWeb", "SuperMarket.SysWeb\SuperMarket.SysWeb.csproj", "{2D6A8DB8-4DBF-4EFE-90A8-6F537FDAAD38}"
EndProject
Project("{FAE04EC0-301F-11D3-BF4B-00C04F79EFBC}") = "SuperMarket.SysWebControllers", "SuperMarket.SysWebControllers\SuperMarket.SysWebControllers.csproj", "{7C9FCF2D-3D06-4384-8DAE-273A8428F740}"
EndProject
Project("{FAE04EC0-301F-11D3-BF4B-00C04F79EFBC}") = "SuperMarket.LoginWebControllers", "SuperMarket.LoginWebControllers\SuperMarket.LoginWebControllers.csproj", "{FF924D13-0A49-4ACF-B473-6BF8E7C10DEF}"
EndProject
Project("{FAE04EC0-301F-11D3-BF4B-00C04F79EFBC}") = "SuperMarket.LoginWeb", "SuperMarket.LoginWeb\SuperMarket.LoginWeb.csproj", "{9C4ED4C1-7F1D-46A8-B3ED-D298648BF5C6}"
EndProject
Global
	GlobalSection(SolutionConfigurationPlatforms) = preSolution
		Debug|Any CPU = Debug|Any CPU
		Release|Any CPU = Release|Any CPU
	EndGlobalSection
	GlobalSection(ProjectConfigurationPlatforms) = postSolution
		{5AB0CD95-2E08-4AE0-8409-DA2151C98204}.Debug|Any CPU.ActiveCfg = Debug|Any CPU
		{5AB0CD95-2E08-4AE0-8409-DA2151C98204}.Debug|Any CPU.Build.0 = Debug|Any CPU
		{5AB0CD95-2E08-4AE0-8409-DA2151C98204}.Release|Any CPU.ActiveCfg = Release|Any CPU
		{5AB0CD95-2E08-4AE0-8409-DA2151C98204}.Release|Any CPU.Build.0 = Release|Any CPU
		{9D46BE54-4922-47B2-8BBC-60AB1A5A9EE5}.Debug|Any CPU.ActiveCfg = Debug|Any CPU
		{9D46BE54-4922-47B2-8BBC-60AB1A5A9EE5}.Debug|Any CPU.Build.0 = Debug|Any CPU
		{9D46BE54-4922-47B2-8BBC-60AB1A5A9EE5}.Release|Any CPU.ActiveCfg = Release|Any CPU
		{9D46BE54-4922-47B2-8BBC-60AB1A5A9EE5}.Release|Any CPU.Build.0 = Release|Any CPU
		{141147C2-4822-4F66-84C8-A277AB1D7D51}.Debug|Any CPU.ActiveCfg = Debug|Any CPU
		{141147C2-4822-4F66-84C8-A277AB1D7D51}.Debug|Any CPU.Build.0 = Debug|Any CPU
		{141147C2-4822-4F66-84C8-A277AB1D7D51}.Release|Any CPU.ActiveCfg = Release|Any CPU
		{141147C2-4822-4F66-84C8-A277AB1D7D51}.Release|Any CPU.Build.0 = Release|Any CPU
		{AB35A9E6-EC44-44CD-8004-3B7C878EEFD7}.Debug|Any CPU.ActiveCfg = Debug|Any CPU
		{AB35A9E6-EC44-44CD-8004-3B7C878EEFD7}.Debug|Any CPU.Build.0 = Debug|Any CPU
		{AB35A9E6-EC44-44CD-8004-3B7C878EEFD7}.Release|Any CPU.ActiveCfg = Release|Any CPU
		{AB35A9E6-EC44-44CD-8004-3B7C878EEFD7}.Release|Any CPU.Build.0 = Release|Any CPU
		{81DBD8D6-519A-4850-A5E4-BC94102572F1}.Debug|Any CPU.ActiveCfg = Debug|Any CPU
		{81DBD8D6-519A-4850-A5E4-BC94102572F1}.Debug|Any CPU.Build.0 = Debug|Any CPU
		{81DBD8D6-519A-4850-A5E4-BC94102572F1}.Release|Any CPU.ActiveCfg = Release|Any CPU
		{81DBD8D6-519A-4850-A5E4-BC94102572F1}.Release|Any CPU.Build.0 = Release|Any CPU
		{506C0AC1-0D1D-47A8-B4E3-6CD3745A7433}.Debug|Any CPU.ActiveCfg = Debug|Any CPU
		{506C0AC1-0D1D-47A8-B4E3-6CD3745A7433}.Debug|Any CPU.Build.0 = Debug|Any CPU
		{506C0AC1-0D1D-47A8-B4E3-6CD3745A7433}.Release|Any CPU.ActiveCfg = Release|Any CPU
		{506C0AC1-0D1D-47A8-B4E3-6CD3745A7433}.Release|Any CPU.Build.0 = Release|Any CPU
		{2D6A8DB8-4DBF-4EFE-90A8-6F537FDAAD38}.Debug|Any CPU.ActiveCfg = Debug|Any CPU
		{2D6A8DB8-4DBF-4EFE-90A8-6F537FDAAD38}.Debug|Any CPU.Build.0 = Debug|Any CPU
		{2D6A8DB8-4DBF-4EFE-90A8-6F537FDAAD38}.Release|Any CPU.ActiveCfg = Release|Any CPU
		{2D6A8DB8-4DBF-4EFE-90A8-6F537FDAAD38}.Release|Any CPU.Build.0 = Release|Any CPU
		{7C9FCF2D-3D06-4384-8DAE-273A8428F740}.Debug|Any CPU.ActiveCfg = Debug|Any CPU
		{7C9FCF2D-3D06-4384-8DAE-273A8428F740}.Debug|Any CPU.Build.0 = Debug|Any CPU
		{7C9FCF2D-3D06-4384-8DAE-273A8428F740}.Release|Any CPU.ActiveCfg = Release|Any CPU
		{7C9FCF2D-3D06-4384-8DAE-273A8428F740}.Release|Any CPU.Build.0 = Release|Any CPU
		{FF924D13-0A49-4ACF-B473-6BF8E7C10DEF}.Debug|Any CPU.ActiveCfg = Debug|Any CPU
		{FF924D13-0A49-4ACF-B473-6BF8E7C10DEF}.Debug|Any CPU.Build.0 = Debug|Any CPU
		{FF924D13-0A49-4ACF-B473-6BF8E7C10DEF}.Release|Any CPU.ActiveCfg = Release|Any CPU
		{FF924D13-0A49-4ACF-B473-6BF8E7C10DEF}.Release|Any CPU.Build.0 = Release|Any CPU
		{9C4ED4C1-7F1D-46A8-B3ED-D298648BF5C6}.Debug|Any CPU.ActiveCfg = Debug|Any CPU
		{9C4ED4C1-7F1D-46A8-B3ED-D298648BF5C6}.Debug|Any CPU.Build.0 = Debug|Any CPU
		{9C4ED4C1-7F1D-46A8-B3ED-D298648BF5C6}.Release|Any CPU.ActiveCfg = Release|Any CPU
		{9C4ED4C1-7F1D-46A8-B3ED-D298648BF5C6}.Release|Any CPU.Build.0 = Release|Any CPU
	EndGlobalSection
	GlobalSection(SolutionProperties) = preSolution
		HideSolutionNode = FALSE
	EndGlobalSection
EndGlobal
